
Microsoft Visual Studio Solution File, Format Version 12.00
# Visual Studio Version 17
VisualStudioVersion = 17.6.33815.320
MinimumVisualStudioVersion = 10.0.40219.1
Project("{9A19103F-16F7-4668-BE54-9A1E7A4F7556}") = "HK_Project", "HK_project\HK_Project.csproj", "{FBCBE588-06CB-4550-B2B0-A868784D787C}"
EndProject
Project("{9A19103F-16F7-4668-BE54-9A1E7A4F7556}") = "HKDB", "HKDB\HKDB.csproj", "{714F0921-075D-4F7B-A2C3-743D74C975AE}"
EndProject
Global
	GlobalSection(SolutionConfigurationPlatforms) = preSolution
		Debug|Any CPU = Debug|Any CPU
		Release|Any CPU = Release|Any CPU
	EndGlobalSection
	GlobalSection(ProjectConfigurationPlatforms) = postSolution
		{FBCBE588-06CB-4550-B2B0-A868784D787C}.Debug|Any CPU.ActiveCfg = Debug|Any CPU
		{FBCBE588-06CB-4550-B2B0-A868784D787C}.Debug|Any CPU.Build.0 = Debug|Any CPU
		{FBCBE588-06CB-4550-B2B0-A868784D787C}.Release|Any CPU.ActiveCfg = Release|Any CPU
		{FBCBE588-06CB-4550-B2B0-A868784D787C}.Release|Any CPU.Build.0 = Release|Any CPU
		{714F0921-075D-4F7B-A2C3-743D74C975AE}.Debug|Any CPU.ActiveCfg = Debug|Any CPU
		{714F0921-075D-4F7B-A2C3-743D74C975AE}.Debug|Any CPU.Build.0 = Debug|Any CPU
		{714F0921-075D-4F7B-A2C3-743D74C975AE}.Release|Any CPU.ActiveCfg = Release|Any CPU
		{714F0921-075D-4F7B-A2C3-743D74C975AE}.Release|Any CPU.Build.0 = Release|Any CPU
	EndGlobalSection
	GlobalSection(SolutionProperties) = preSolution
		HideSolutionNode = FALSE
	EndGlobalSection
	GlobalSection(ExtensibilityGlobals) = postSolution
		SolutionGuid = {95C97331-ACC7-4166-88B8-AD9B72D9FD85}
	EndGlobalSection
EndGlobal
